
Microsoft Visual Studio Solution File, Format Version 12.00
# Visual Studio 2013
VisualStudioVersion = 12.0.31101.0
MinimumVisualStudioVersion = 10.0.40219.1
Project("{8BC9CEB8-8B4A-11D0-8D11-00A0C91BC942}") = "libOSCConfig", "libOSCConfig\libOSCConfig.vcxproj", "{C331FCBE-3B44-466D-B634-633222BA1C30}"
EndProject
Project("{8BC9CEB8-8B4A-11D0-8D11-00A0C91BC942}") = "sample1", "sample1\sample1.vcxproj", "{82728188-DD12-44BE-A4C4-1D0A3DFE5192}"
	ProjectSection(ProjectDependencies) = postProject
		{C331FCBE-3B44-466D-B634-633222BA1C30} = {C331FCBE-3B44-466D-B634-633222BA1C30}
	EndProjectSection
EndProject
Project("{8BC9CEB8-8B4A-11D0-8D11-00A0C91BC942}") = "simple-osc-kvs", "simple-osc-kvs\simple-osc-kvs.vcxproj", "{EEE94CCE-4BB3-42B6-8E8E-53E54B9084E2}"
	ProjectSection(ProjectDependencies) = postProject
		{C331FCBE-3B44-466D-B634-633222BA1C30} = {C331FCBE-3B44-466D-B634-633222BA1C30}
	EndProjectSection
EndProject
Project("{8BC9CEB8-8B4A-11D0-8D11-00A0C91BC942}") = "sample2", "sample2\sample2.vcxproj", "{F23EDF5F-C2B3-4B57-98BD-860B2962194B}"
	ProjectSection(ProjectDependencies) = postProject
		{C331FCBE-3B44-466D-B634-633222BA1C30} = {C331FCBE-3B44-466D-B634-633222BA1C30}
	EndProjectSection
EndProject
Global
	GlobalSection(SolutionConfigurationPlatforms) = preSolution
		Debug|Win32 = Debug|Win32
		Release|Win32 = Release|Win32
	EndGlobalSection
	GlobalSection(ProjectConfigurationPlatforms) = postSolution
		{C331FCBE-3B44-466D-B634-633222BA1C30}.Debug|Win32.ActiveCfg = Debug|Win32
		{C331FCBE-3B44-466D-B634-633222BA1C30}.Debug|Win32.Build.0 = Debug|Win32
		{C331FCBE-3B44-466D-B634-633222BA1C30}.Release|Win32.ActiveCfg = Release|Win32
		{C331FCBE-3B44-466D-B634-633222BA1C30}.Release|Win32.Build.0 = Release|Win32
		{82728188-DD12-44BE-A4C4-1D0A3DFE5192}.Debug|Win32.ActiveCfg = Debug|Win32
		{82728188-DD12-44BE-A4C4-1D0A3DFE5192}.Debug|Win32.Build.0 = Debug|Win32
		{82728188-DD12-44BE-A4C4-1D0A3DFE5192}.Release|Win32.ActiveCfg = Release|Win32
		{82728188-DD12-44BE-A4C4-1D0A3DFE5192}.Release|Win32.Build.0 = Release|Win32
		{EEE94CCE-4BB3-42B6-8E8E-53E54B9084E2}.Debug|Win32.ActiveCfg = Debug|Win32
		{EEE94CCE-4BB3-42B6-8E8E-53E54B9084E2}.Debug|Win32.Build.0 = Debug|Win32
		{EEE94CCE-4BB3-42B6-8E8E-53E54B9084E2}.Release|Win32.ActiveCfg = Release|Win32
		{EEE94CCE-4BB3-42B6-8E8E-53E54B9084E2}.Release|Win32.Build.0 = Release|Win32
		{F23EDF5F-C2B3-4B57-98BD-860B2962194B}.Debug|Win32.ActiveCfg = Debug|Win32
		{F23EDF5F-C2B3-4B57-98BD-860B2962194B}.Debug|Win32.Build.0 = Debug|Win32
		{F23EDF5F-C2B3-4B57-98BD-860B2962194B}.Release|Win32.ActiveCfg = Release|Win32
		{F23EDF5F-C2B3-4B57-98BD-860B2962194B}.Release|Win32.Build.0 = Release|Win32
	EndGlobalSection
	GlobalSection(SolutionProperties) = preSolution
		HideSolutionNode = FALSE
	EndGlobalSection
EndGlobal
